
Microsoft Visual Studio Solution File, Format Version 12.00
# Visual Studio 2013
VisualStudioVersion = 12.0.20623.1 VSUPREVIEW
MinimumVisualStudioVersion = 10.0.40219.1
Project("{FAE04EC0-301F-11D3-BF4B-00C04F79EFBC}") = "PortableRest", "PortableRest\PortableRest.csproj", "{A3546D1A-CE87-49BB-800A-98018C1FCA00}"
EndProject
Project("{FAE04EC0-301F-11D3-BF4B-00C04F79EFBC}") = "PortableRest.Tests", "PortableRest.Tests\PortableRest.Tests.csproj", "{500BCEAB-8F93-4BDE-84DB-D21147323837}"
EndProject
Global
	GlobalSection(SolutionConfigurationPlatforms) = preSolution
		Debug|Any CPU = Debug|Any CPU
		Release|Any CPU = Release|Any CPU
	EndGlobalSection
	GlobalSection(ProjectConfigurationPlatforms) = postSolution
		{A3546D1A-CE87-49BB-800A-98018C1FCA00}.Debug|Any CPU.ActiveCfg = Debug|Any CPU
		{A3546D1A-CE87-49BB-800A-98018C1FCA00}.Debug|Any CPU.Build.0 = Debug|Any CPU
		{A3546D1A-CE87-49BB-800A-98018C1FCA00}.Release|Any CPU.ActiveCfg = Release|Any CPU
		{A3546D1A-CE87-49BB-800A-98018C1FCA00}.Release|Any CPU.Build.0 = Release|Any CPU
		{500BCEAB-8F93-4BDE-84DB-D21147323837}.Debug|Any CPU.ActiveCfg = Debug|Any CPU
		{500BCEAB-8F93-4BDE-84DB-D21147323837}.Debug|Any CPU.Build.0 = Debug|Any CPU
		{500BCEAB-8F93-4BDE-84DB-D21147323837}.Release|Any CPU.ActiveCfg = Release|Any CPU
		{500BCEAB-8F93-4BDE-84DB-D21147323837}.Release|Any CPU.Build.0 = Release|Any CPU
	EndGlobalSection
	GlobalSection(SolutionProperties) = preSolution
		HideSolutionNode = FALSE
	EndGlobalSection
EndGlobal
