
Microsoft Visual Studio Solution File, Format Version 12.00
# Visual Studio Version 16
VisualStudioVersion = 16.0.29505.145
MinimumVisualStudioVersion = 10.0.40219.1
Project("{9A19103F-16F7-4668-BE54-9A1E7A4F7556}") = "PortableRest", "PortableRest\PortableRest.csproj", "{A3546D1A-CE87-49BB-800A-98018C1FCA00}"
EndProject
Project("{9A19103F-16F7-4668-BE54-9A1E7A4F7556}") = "PortableRest.Tests", "PortableRest.Tests\PortableRest.Tests.csproj", "{EE7DCA96-146F-496B-9C8E-5368487DEE82}"
EndProject
Project("{2150E333-8FDC-42A3-9474-1A3956D46DE8}") = "Solution Items", "Solution Items", "{336F7F6F-8380-4C7C-9EE1-5AC824B58342}"
	ProjectSection(SolutionItems) = preProject
		.editorconfig = .editorconfig
		Directory.Build.props = Directory.Build.props
		PortableRest.nuspec = PortableRest.nuspec
		PortableRest.snk = PortableRest.snk
		..\README.md = ..\README.md
	EndProjectSection
EndProject
Project("{9A19103F-16F7-4668-BE54-9A1E7A4F7556}") = "PortableRest.Signed", "PortableRest.Signed\PortableRest.Signed.csproj", "{74F7BCFC-E23D-40B9-8F5F-AF16C7AD76E3}"
EndProject
Global
	GlobalSection(SolutionConfigurationPlatforms) = preSolution
		Debug|Any CPU = Debug|Any CPU
		Debug|ARM = Debug|ARM
		Debug|x64 = Debug|x64
		Debug|x86 = Debug|x86
		Release|Any CPU = Release|Any CPU
		Release|ARM = Release|ARM
		Release|x64 = Release|x64
		Release|x86 = Release|x86
		Release-Signed|Any CPU = Release-Signed|Any CPU
		Release-Signed|ARM = Release-Signed|ARM
		Release-Signed|x64 = Release-Signed|x64
		Release-Signed|x86 = Release-Signed|x86
	EndGlobalSection
	GlobalSection(ProjectConfigurationPlatforms) = postSolution
		{A3546D1A-CE87-49BB-800A-98018C1FCA00}.Debug|Any CPU.ActiveCfg = Debug|Any CPU
		{A3546D1A-CE87-49BB-800A-98018C1FCA00}.Debug|Any CPU.Build.0 = Debug|Any CPU
		{A3546D1A-CE87-49BB-800A-98018C1FCA00}.Debug|ARM.ActiveCfg = Debug|Any CPU
		{A3546D1A-CE87-49BB-800A-98018C1FCA00}.Debug|ARM.Build.0 = Debug|Any CPU
		{A3546D1A-CE87-49BB-800A-98018C1FCA00}.Debug|x64.ActiveCfg = Debug|Any CPU
		{A3546D1A-CE87-49BB-800A-98018C1FCA00}.Debug|x64.Build.0 = Debug|Any CPU
		{A3546D1A-CE87-49BB-800A-98018C1FCA00}.Debug|x86.ActiveCfg = Debug|Any CPU
		{A3546D1A-CE87-49BB-800A-98018C1FCA00}.Debug|x86.Build.0 = Debug|Any CPU
		{A3546D1A-CE87-49BB-800A-98018C1FCA00}.Release|Any CPU.ActiveCfg = Release|Any CPU
		{A3546D1A-CE87-49BB-800A-98018C1FCA00}.Release|Any CPU.Build.0 = Release|Any CPU
		{A3546D1A-CE87-49BB-800A-98018C1FCA00}.Release|ARM.ActiveCfg = Release|Any CPU
		{A3546D1A-CE87-49BB-800A-98018C1FCA00}.Release|ARM.Build.0 = Release|Any CPU
		{A3546D1A-CE87-49BB-800A-98018C1FCA00}.Release|x64.ActiveCfg = Release|Any CPU
		{A3546D1A-CE87-49BB-800A-98018C1FCA00}.Release|x64.Build.0 = Release|Any CPU
		{A3546D1A-CE87-49BB-800A-98018C1FCA00}.Release|x86.ActiveCfg = Release|Any CPU
		{A3546D1A-CE87-49BB-800A-98018C1FCA00}.Release|x86.Build.0 = Release|Any CPU
		{A3546D1A-CE87-49BB-800A-98018C1FCA00}.Release-Signed|Any CPU.ActiveCfg = Release|Any CPU
		{A3546D1A-CE87-49BB-800A-98018C1FCA00}.Release-Signed|Any CPU.Build.0 = Release|Any CPU
		{A3546D1A-CE87-49BB-800A-98018C1FCA00}.Release-Signed|ARM.ActiveCfg = Release|Any CPU
		{A3546D1A-CE87-49BB-800A-98018C1FCA00}.Release-Signed|ARM.Build.0 = Release|Any CPU
		{A3546D1A-CE87-49BB-800A-98018C1FCA00}.Release-Signed|x64.ActiveCfg = Release|Any CPU
		{A3546D1A-CE87-49BB-800A-98018C1FCA00}.Release-Signed|x64.Build.0 = Release|Any CPU
		{A3546D1A-CE87-49BB-800A-98018C1FCA00}.Release-Signed|x86.ActiveCfg = Release|Any CPU
		{A3546D1A-CE87-49BB-800A-98018C1FCA00}.Release-Signed|x86.Build.0 = Release|Any CPU
		{EE7DCA96-146F-496B-9C8E-5368487DEE82}.Debug|Any CPU.ActiveCfg = Debug|Any CPU
		{EE7DCA96-146F-496B-9C8E-5368487DEE82}.Debug|Any CPU.Build.0 = Debug|Any CPU
		{EE7DCA96-146F-496B-9C8E-5368487DEE82}.Debug|ARM.ActiveCfg = Debug|Any CPU
		{EE7DCA96-146F-496B-9C8E-5368487DEE82}.Debug|ARM.Build.0 = Debug|Any CPU
		{EE7DCA96-146F-496B-9C8E-5368487DEE82}.Debug|x64.ActiveCfg = Debug|Any CPU
		{EE7DCA96-146F-496B-9C8E-5368487DEE82}.Debug|x64.Build.0 = Debug|Any CPU
		{EE7DCA96-146F-496B-9C8E-5368487DEE82}.Debug|x86.ActiveCfg = Debug|Any CPU
		{EE7DCA96-146F-496B-9C8E-5368487DEE82}.Debug|x86.Build.0 = Debug|Any CPU
		{EE7DCA96-146F-496B-9C8E-5368487DEE82}.Release|Any CPU.ActiveCfg = Release|Any CPU
		{EE7DCA96-146F-496B-9C8E-5368487DEE82}.Release|Any CPU.Build.0 = Release|Any CPU
		{EE7DCA96-146F-496B-9C8E-5368487DEE82}.Release|ARM.ActiveCfg = Release|Any CPU
		{EE7DCA96-146F-496B-9C8E-5368487DEE82}.Release|ARM.Build.0 = Release|Any CPU
		{EE7DCA96-146F-496B-9C8E-5368487DEE82}.Release|x64.ActiveCfg = Release|Any CPU
		{EE7DCA96-146F-496B-9C8E-5368487DEE82}.Release|x64.Build.0 = Release|Any CPU
		{EE7DCA96-146F-496B-9C8E-5368487DEE82}.Release|x86.ActiveCfg = Release|Any CPU
		{EE7DCA96-146F-496B-9C8E-5368487DEE82}.Release|x86.Build.0 = Release|Any CPU
		{EE7DCA96-146F-496B-9C8E-5368487DEE82}.Release-Signed|Any CPU.ActiveCfg = Release|Any CPU
		{EE7DCA96-146F-496B-9C8E-5368487DEE82}.Release-Signed|Any CPU.Build.0 = Release|Any CPU
		{EE7DCA96-146F-496B-9C8E-5368487DEE82}.Release-Signed|ARM.ActiveCfg = Release|Any CPU
		{EE7DCA96-146F-496B-9C8E-5368487DEE82}.Release-Signed|ARM.Build.0 = Release|Any CPU
		{EE7DCA96-146F-496B-9C8E-5368487DEE82}.Release-Signed|x64.ActiveCfg = Release|Any CPU
		{EE7DCA96-146F-496B-9C8E-5368487DEE82}.Release-Signed|x64.Build.0 = Release|Any CPU
		{EE7DCA96-146F-496B-9C8E-5368487DEE82}.Release-Signed|x86.ActiveCfg = Release|Any CPU
		{EE7DCA96-146F-496B-9C8E-5368487DEE82}.Release-Signed|x86.Build.0 = Release|Any CPU
		{74F7BCFC-E23D-40B9-8F5F-AF16C7AD76E3}.Debug|Any CPU.ActiveCfg = Debug|Any CPU
		{74F7BCFC-E23D-40B9-8F5F-AF16C7AD76E3}.Debug|Any CPU.Build.0 = Debug|Any CPU
		{74F7BCFC-E23D-40B9-8F5F-AF16C7AD76E3}.Debug|ARM.ActiveCfg = Debug|Any CPU
		{74F7BCFC-E23D-40B9-8F5F-AF16C7AD76E3}.Debug|ARM.Build.0 = Debug|Any CPU
		{74F7BCFC-E23D-40B9-8F5F-AF16C7AD76E3}.Debug|x64.ActiveCfg = Debug|Any CPU
		{74F7BCFC-E23D-40B9-8F5F-AF16C7AD76E3}.Debug|x64.Build.0 = Debug|Any CPU
		{74F7BCFC-E23D-40B9-8F5F-AF16C7AD76E3}.Debug|x86.ActiveCfg = Debug|Any CPU
		{74F7BCFC-E23D-40B9-8F5F-AF16C7AD76E3}.Debug|x86.Build.0 = Debug|Any CPU
		{74F7BCFC-E23D-40B9-8F5F-AF16C7AD76E3}.Release|Any CPU.ActiveCfg = Release|Any CPU
		{74F7BCFC-E23D-40B9-8F5F-AF16C7AD76E3}.Release|Any CPU.Build.0 = Release|Any CPU
		{74F7BCFC-E23D-40B9-8F5F-AF16C7AD76E3}.Release|ARM.ActiveCfg = Release|Any CPU
		{74F7BCFC-E23D-40B9-8F5F-AF16C7AD76E3}.Release|ARM.Build.0 = Release|Any CPU
		{74F7BCFC-E23D-40B9-8F5F-AF16C7AD76E3}.Release|x64.ActiveCfg = Release|Any CPU
		{74F7BCFC-E23D-40B9-8F5F-AF16C7AD76E3}.Release|x64.Build.0 = Release|Any CPU
		{74F7BCFC-E23D-40B9-8F5F-AF16C7AD76E3}.Release|x86.ActiveCfg = Release|Any CPU
		{74F7BCFC-E23D-40B9-8F5F-AF16C7AD76E3}.Release|x86.Build.0 = Release|Any CPU
		{74F7BCFC-E23D-40B9-8F5F-AF16C7AD76E3}.Release-Signed|Any CPU.ActiveCfg = Release|Any CPU
		{74F7BCFC-E23D-40B9-8F5F-AF16C7AD76E3}.Release-Signed|Any CPU.Build.0 = Release|Any CPU
		{74F7BCFC-E23D-40B9-8F5F-AF16C7AD76E3}.Release-Signed|ARM.ActiveCfg = Release|Any CPU
		{74F7BCFC-E23D-40B9-8F5F-AF16C7AD76E3}.Release-Signed|ARM.Build.0 = Release|Any CPU
		{74F7BCFC-E23D-40B9-8F5F-AF16C7AD76E3}.Release-Signed|x64.ActiveCfg = Release|Any CPU
		{74F7BCFC-E23D-40B9-8F5F-AF16C7AD76E3}.Release-Signed|x64.Build.0 = Release|Any CPU
		{74F7BCFC-E23D-40B9-8F5F-AF16C7AD76E3}.Release-Signed|x86.ActiveCfg = Release|Any CPU
		{74F7BCFC-E23D-40B9-8F5F-AF16C7AD76E3}.Release-Signed|x86.Build.0 = Release|Any CPU
	EndGlobalSection
	GlobalSection(SolutionProperties) = preSolution
		HideSolutionNode = FALSE
	EndGlobalSection
	GlobalSection(ExtensibilityGlobals) = postSolution
		SolutionGuid = {4728944B-F056-480F-947E-7D35349F3BA8}
	EndGlobalSection
EndGlobal
